
Microsoft Visual Studio Solution File, Format Version 12.00
# Visual Studio Version 16
VisualStudioVersion = 16.0.31624.102
MinimumVisualStudioVersion = 10.0.40219.1
Project("{9A19103F-16F7-4668-BE54-9A1E7A4F7556}") = "EFCoreMysql", "EFCoreMysql.csproj", "{3E42D8B9-6BFD-4A95-A4CB-62D0509F82CE}"
EndProject
Project("{FAE04EC0-301F-11D3-BF4B-00C04F79EFBC}") = "EFCoreMySql.Core", "..\EFCoreMySql.Core\EFCoreMySql.Core.csproj", "{8C9723F2-8D08-4D5F-A69A-9B6BF1AC208E}"
EndProject
Global
	GlobalSection(SolutionConfigurationPlatforms) = preSolution
		Debug|Any CPU = Debug|Any CPU
		Release|Any CPU = Release|Any CPU
	EndGlobalSection
	GlobalSection(ProjectConfigurationPlatforms) = postSolution
		{3E42D8B9-6BFD-4A95-A4CB-62D0509F82CE}.Debug|Any CPU.ActiveCfg = Debug|Any CPU
		{3E42D8B9-6BFD-4A95-A4CB-62D0509F82CE}.Debug|Any CPU.Build.0 = Debug|Any CPU
		{3E42D8B9-6BFD-4A95-A4CB-62D0509F82CE}.Release|Any CPU.ActiveCfg = Release|Any CPU
		{3E42D8B9-6BFD-4A95-A4CB-62D0509F82CE}.Release|Any CPU.Build.0 = Release|Any CPU
		{8C9723F2-8D08-4D5F-A69A-9B6BF1AC208E}.Debug|Any CPU.ActiveCfg = Debug|Any CPU
		{8C9723F2-8D08-4D5F-A69A-9B6BF1AC208E}.Debug|Any CPU.Build.0 = Debug|Any CPU
		{8C9723F2-8D08-4D5F-A69A-9B6BF1AC208E}.Release|Any CPU.ActiveCfg = Release|Any CPU
		{8C9723F2-8D08-4D5F-A69A-9B6BF1AC208E}.Release|Any CPU.Build.0 = Release|Any CPU
	EndGlobalSection
	GlobalSection(SolutionProperties) = preSolution
		HideSolutionNode = FALSE
	EndGlobalSection
	GlobalSection(ExtensibilityGlobals) = postSolution
		SolutionGuid = {5263D720-DCD2-4047-9D0D-D550CD374162}
	EndGlobalSection
EndGlobal
